
Microsoft Visual Studio Solution File, Format Version 12.00
# Visual Studio Version 17
VisualStudioVersion = 17.6.33815.320
MinimumVisualStudioVersion = 10.0.40219.1
Project("{FAE04EC0-301F-11D3-BF4B-00C04F79EFBC}") = "Praktika", "Praktika\Praktika.csproj", "{27774183-D15B-453D-8990-D74D74B4B117}"
EndProject
Global
	GlobalSection(SolutionConfigurationPlatforms) = preSolution
		Debug|Any CPU = Debug|Any CPU
		Release|Any CPU = Release|Any CPU
	EndGlobalSection
	GlobalSection(ProjectConfigurationPlatforms) = postSolution
		{27774183-D15B-453D-8990-D74D74B4B117}.Debug|Any CPU.ActiveCfg = Debug|Any CPU
		{27774183-D15B-453D-8990-D74D74B4B117}.Debug|Any CPU.Build.0 = Debug|Any CPU
		{27774183-D15B-453D-8990-D74D74B4B117}.Release|Any CPU.ActiveCfg = Release|Any CPU
		{27774183-D15B-453D-8990-D74D74B4B117}.Release|Any CPU.Build.0 = Release|Any CPU
	EndGlobalSection
	GlobalSection(SolutionProperties) = preSolution
		HideSolutionNode = FALSE
	EndGlobalSection
	GlobalSection(ExtensibilityGlobals) = postSolution
		SolutionGuid = {DEC3E409-A69E-4450-BABA-96E62A33970B}
	EndGlobalSection
EndGlobal
